github.com/AnimusPEXUS/goarpcsolution v0.0.0-20230722175611-b5401d368f41 h1:TkQzuOt6qhCKtIfzuoYnejd+C81mkTpYPEWn2prJDSI=
github.com/AnimusPEXUS/goarpcsolution v0.0.0-20230722175611-b5401d368f41/go.mod h1:5C92fLQlpZemUIEeorkQ51jmfUNtA/l1mgLZakvv2JQ=
github.com/AnimusPEXUS/goinmemfile v0.0.0-20230615005913-b987d11ee924 h1:bL/hHquPdZe6C3ltW3kzeOOZKMgPTPqtYHWgC1O6sO0=
github.com/AnimusPEXUS/goinmemfile v0.0.0-20230615005913-b987d11ee924/go.mod h1:1dwjt85DZhL+k0b3meVRsoyfWAhbKCh5gfuZoxU0Gr8=
github.com/AnimusPEXUS/gojsonrpc2 v0.0.0-20230722175508-4b4123cacc09 h1:u6ppiTYQ0iDDXhQD7/8GvPmgwGkME8ov4LaKGjyfwR4=
github.com/AnimusPEXUS/gojsonrpc2 v0.0.0-20230722175508-4b4123cacc09/go.mod h1:fcVrbGqkG8Q3c4mqQpH2/2t2aOveOTkf80aXGstsZ08=
github.com/AnimusPEXUS/gojsonrpc2datastreammultiplexer v0.0.0-20230722175542-c13ea1112e3e h1:283Jopo1/1C+sYD6Zo5xuP1dTbK1fvBPbXUHrVRh0Ig=
github.com/AnimusPEXUS/gojsonrpc2datastreammultiplexer v0.0.0-20230722175542-c13ea1112e3e/go.mod h1:pawiu6b/WF2+JE5+6dimAM1OXEfUvL3f1x3jvx6MmwI=
github.com/AnimusPEXUS/golockercheckable v0.0.0-20230722172911-98279345df8b h1:B6wlimVt0Dn6VjNV9v+dGkrzcWazIugEZkCz0l3KMuk=
github.com/AnimusPEXUS/golockercheckable v0.0.0-20230722172911-98279345df8b/go.mod h1:wU9y+4tn4aHJ8z/kq1xhe5QSO9EVEhWIfxrxg8Kf1Og=
github.com/AnimusPEXUS/gorecursionguard v0.0.0-20230721164047-3900188c3f12 h1:b8cU2O6u/534IYqOaWMElnoa297sXkCO3Du02Ojnp1M=
github.com/AnimusPEXUS/gorecursionguard v0.0.0-20230721164047-3900188c3f12/go.mod h1:8G+bbLUQTZx02Yp3JyPqEy3In5VE50yGJFwOXrDGpio=
github.com/AnimusPEXUS/goreentrantlock v0.0.0-20230722175424-235503e905b0 h1:/thnnF/4J8VwjN2HZIzf06q/A/2TCeM2MxXgUvkXRuI=
github.com/AnimusPEXUS/goreentrantlock v0.0.0-20230722175424-235503e905b0/go.mod h1:ETRJbb3wCA2v0yMweKHT/4m49iMBeTqnucyW17xVW9Q=
github.com/AnimusPEXUS/goroutineid v0.0.0-20230720133607-c9ed2d3b2260 h1:36PKXFdhnmKM4vlo51MzzVpGMnccpg/HF0yWi6IAsbk=
github.com/AnimusPEXUS/goroutineid v0.0.0-20230720133607-c9ed2d3b2260/go.mod h1:a3MlFoDwdgeAHnU4RqcKdOJLDgIvat20MDJHTagACdc=
github.com/AnimusPEXUS/gouuidtools v0.0.0-20230722031440-125d4120438a h1:k8Djd4dPdFnkmDGSzmGVplyaZiG2mHv5lGb24hr+tyw=
github.com/AnimusPEXUS/gouuidtools v0.0.0-20230722031440-125d4120438a/go.mod h1:yIJUtdeRT9X5kiBB+eGKRW9WJ2uprfjyDw5s7UJOksM=
github.com/AnimusPEXUS/goworker v0.0.0-20230722022549-6b2d4e08cd4e h1:x0V4qvEB5mZaPEBpnKemvZc2GRSmnJDOQQgY9/dpV2w=
github.com/AnimusPEXUS/goworker v0.0.0-20230722022549-6b2d4e08cd4e/go.mod h1:vQbiUqXGjWIDbMZrXWy222rzXoYWZXmLaKgaRc2iHB4=
github.com/AnimusPEXUS/utils v0.0.0-20230722023513-9799ab409870 h1:Wvgf9JI7+7j+3fSBp8i425v0B7IsnUvoS3NeRffCAEw=
github.com/AnimusPEXUS/utils v0.0.0-20230722023513-9799ab409870/go.mod h1:76QFNTS3P6/J1JI8evXAg4x+wJDOHeXzEU5/nMCWG6I=
github.com/julienschmidt/httprouter v1.3.0 h1:U0609e9tgbseu3rBINet9P48AI/D3oJs4dN7jwJOQ1U=
github.com/julienschmidt/httprouter v1.3.0/go.mod h1:JR6WtHb+2LUe8TCKY3cZOxFyyO8IZAc4RVcycCCAKdM=
github.com/mitchellh/mapstructure v1.5.0 h1:jeMsZIYE/09sWLaz43PL7Gy6RuMjD2eJVyuac5Z2hdY=
github.com/mitchellh/mapstructure v1.5.0/go.mod h1:bFUtVrKA4DC2yAKiSyO/QUcy7e+RRV2QTWOzhPopBRo=
golang.org/x/net v0.12.0 h1:cfawfvKITfUsFCeJIHJrbSxpeu/E81khclypR0GVT50=
golang.org/x/net v0.12.0/go.mod h1:zEVYFnQC7m/vmpQFELhcD1EWkZlX69l4oqgmer6hfKA=
