github.com/AnimusPEXUS/gojsonrpc2 v0.0.0-20230620070415-7a2b86fd4804 h1:Ea5aamRNCu+uUVh6wp3FDblqHtge40lvWU11ZsQWFbo=
github.com/AnimusPEXUS/gojsonrpc2 v0.0.0-20230620070415-7a2b86fd4804/go.mod h1:ffLxzbkQn60VxPcz+Dc1XRoLK3Xqvvava9PYRqIVc20=
github.com/AnimusPEXUS/golockerreentrancycontext v0.0.0-20230615005534-bc3cdac63710 h1:bRNymswyPDxaeC/C8iIz4dzOcSOwQKZehY7HlKXylxE=
github.com/AnimusPEXUS/golockerreentrancycontext v0.0.0-20230615005534-bc3cdac63710/go.mod h1:MVQsxAvekQWhuo4s0F+N2PxVeTOGqUwQgXATWa2IggI=
github.com/AnimusPEXUS/gouuidtools v0.0.0-20230615005111-d4138eef119a h1:EYQuU0e4fW8doA2czb/rlpMrRI1GWvmxI58nRd/HuAI=
github.com/AnimusPEXUS/gouuidtools v0.0.0-20230615005111-d4138eef119a/go.mod h1:kGZCqtUsugQ9V8BgUzsn4602KQKC2j41U8nHO62acBU=
github.com/AnimusPEXUS/utils v0.0.0-20230615004702-c6d6bfd8bb84 h1:6iGJfOefydaibqTSY5itHXHbFnMRehyVdhHqlVOV1iw=
github.com/AnimusPEXUS/utils v0.0.0-20230615004702-c6d6bfd8bb84/go.mod h1:wTxCjTsBHYrK2WnlmHOol35DyP1Eh0wsa59KAMp32+U=
github.com/julienschmidt/httprouter v1.3.0 h1:U0609e9tgbseu3rBINet9P48AI/D3oJs4dN7jwJOQ1U=
github.com/julienschmidt/httprouter v1.3.0/go.mod h1:JR6WtHb+2LUe8TCKY3cZOxFyyO8IZAc4RVcycCCAKdM=
golang.org/x/net v0.11.0 h1:Gi2tvZIJyBtO9SDr1q9h5hEQCp/4L2RQ+ar0qjx2oNU=
golang.org/x/net v0.11.0/go.mod h1:2L/ixqYpgIVXmeoSA/4Lu7BzTG4KIyPIryS4IsOd1oQ=
