github.com/AnimusPEXUS/goarpcsolution v0.0.0-20230717162700-0c8b30802749 h1:hjplZsAvYAyYQ98nOtgep4lRDcueE61r49XRukMHHB4=
github.com/AnimusPEXUS/goarpcsolution v0.0.0-20230717162700-0c8b30802749/go.mod h1:+clfs5BazH46Ysgn/yHtEolOo0B1aYIPwfYbzMUpBGs=
github.com/AnimusPEXUS/goinmemfile v0.0.0-20230615005913-b987d11ee924 h1:bL/hHquPdZe6C3ltW3kzeOOZKMgPTPqtYHWgC1O6sO0=
github.com/AnimusPEXUS/goinmemfile v0.0.0-20230615005913-b987d11ee924/go.mod h1:1dwjt85DZhL+k0b3meVRsoyfWAhbKCh5gfuZoxU0Gr8=
github.com/AnimusPEXUS/gojsonrpc2 v0.0.0-20230717161529-821662400bf5 h1:90Cr6MQTpC2PFOJcR1p8HZF9zB20F/IwaWats1ZxqCc=
github.com/AnimusPEXUS/gojsonrpc2 v0.0.0-20230717161529-821662400bf5/go.mod h1:rq1TxQ/1JLeHOrKmS6q9o7L70QMhJ1R0MHrZceNQdKc=
github.com/AnimusPEXUS/gojsonrpc2datastreammultiplexer v0.0.0-20230717161625-6e17eac86c4b h1:+1VcfXy+IaPTgY4o9JN1KgGoD+/ityYVRZN1Wluh2tk=
github.com/AnimusPEXUS/gojsonrpc2datastreammultiplexer v0.0.0-20230717161625-6e17eac86c4b/go.mod h1:wRdy4uFS7+fkq96jJKkgo/s1agEqurRf6tMw0HAa4WU=
github.com/AnimusPEXUS/gojstools v0.0.0-20230712141129-0b9bacdcd9d8 h1:SY7hPQofMHPw6cv0H9Ql+SsBENoN0tdS4hiGTtEZ8kk=
github.com/AnimusPEXUS/gojstools v0.0.0-20230712141129-0b9bacdcd9d8/go.mod h1:AVgTDY5a6VxEl2ljlPMuPuoqGLdceXiEok4EJ/c/WJ0=
github.com/AnimusPEXUS/golockerreentrancycontext v0.0.0-20230717161346-c957a5cf3eba h1:zP2C4sIEn0tQLOzo+l2IZdVDweaM4y8mXtiBVjJTRJo=
github.com/AnimusPEXUS/golockerreentrancycontext v0.0.0-20230717161346-c957a5cf3eba/go.mod h1:MVQsxAvekQWhuo4s0F+N2PxVeTOGqUwQgXATWa2IggI=
github.com/AnimusPEXUS/gouuidtools v0.0.0-20230717161420-055eb4cf9e82 h1:k1M6exPr2/ksQNsXhY+gTpwaT3kWkiil/2Z7xvl58qc=
github.com/AnimusPEXUS/gouuidtools v0.0.0-20230717161420-055eb4cf9e82/go.mod h1:rRgjvZ/uVCAoPbC9J3phVUCk+jPeoeUa/BEHbF0xOb4=
github.com/AnimusPEXUS/utils v0.0.0-20230720135622-39b35868a67f h1:z333PJTt8fTFXkXWodI8m9lozWVb0W3OOy5DfyjwwEc=
github.com/AnimusPEXUS/utils v0.0.0-20230720135622-39b35868a67f/go.mod h1:wTxCjTsBHYrK2WnlmHOol35DyP1Eh0wsa59KAMp32+U=
github.com/mitchellh/mapstructure v1.5.0 h1:jeMsZIYE/09sWLaz43PL7Gy6RuMjD2eJVyuac5Z2hdY=
github.com/mitchellh/mapstructure v1.5.0/go.mod h1:bFUtVrKA4DC2yAKiSyO/QUcy7e+RRV2QTWOzhPopBRo=
