github.com/AnimusPEXUS/gojsonrpc2 v0.0.0-20230604165602-032924975eaf h1:ROye1//ijAEEUI5eKJFCVv05eo9Hdvx7mlqfd92UAE0=
github.com/AnimusPEXUS/gojsonrpc2 v0.0.0-20230604165602-032924975eaf/go.mod h1:YGfCRIFxTlHGgQG7Vg7UC/q+5poSK6Arzb1GwC74BEg=
github.com/AnimusPEXUS/gojstools v0.0.0-20230614051003-bf83301e481b h1:FnsuOqFnjhynwaKV64EQirvhQbzk1ZbBYjJvsTclfRA=
github.com/AnimusPEXUS/gojstools v0.0.0-20230614051003-bf83301e481b/go.mod h1:Zqs0nCEFsuLpMWq7LA81E+uYO55iMoSo3U4e7/yi9oY=
github.com/AnimusPEXUS/golockerreentrancycontext v0.0.0-20230205202617-6e6a53c419ed h1:qGTO2fbCFtcb0asmUUq/jGw0joYb206u78ey0gkl/BQ=
github.com/AnimusPEXUS/golockerreentrancycontext v0.0.0-20230205202617-6e6a53c419ed/go.mod h1:MVQsxAvekQWhuo4s0F+N2PxVeTOGqUwQgXATWa2IggI=
github.com/AnimusPEXUS/gouuidtools v0.0.0-20230604162424-bdda2f021c7d h1:3cnpX1fEEsIV4dBKiHnbiRx2DavCcMWyNAep8ss8uRk=
github.com/AnimusPEXUS/gouuidtools v0.0.0-20230604162424-bdda2f021c7d/go.mod h1:kGZCqtUsugQ9V8BgUzsn4602KQKC2j41U8nHO62acBU=
github.com/AnimusPEXUS/utils v0.0.0-20230604235202-c7ed1c6797b3 h1:F4k1Fm+fpbqAMAwQpswt1tsQWf81fvniG9pMzQfqf/0=
github.com/AnimusPEXUS/utils v0.0.0-20230604235202-c7ed1c6797b3/go.mod h1:ex1LzyeAjiu+Glm36tEl6XKiQOYtpiBGPsqn8NKcaNQ=
